// !$*UTF8*$!
{
	archiveVersion = 1;
	classes = {
	};
	objectVersion = 48;
	objects = {

/* Begin PBXBuildFile section */
		8F44EC5C20CED48E0027E91A /* AppDelegate.swift in Sources */ = {isa = PBXBuildFile; fileRef = 8F44EC5B20CED48E0027E91A /* AppDelegate.swift */; };
		8F44EC6120CED48E0027E91A /* Main.storyboard in Resources */ = {isa = PBXBuildFile; fileRef = 8F44EC5F20CED48E0027E91A /* Main.storyboard */; };
		8F44EC6320CED48E0027E91A /* Assets.xcassets in Resources */ = {isa = PBXBuildFile; fileRef = 8F44EC6220CED48E0027E91A /* Assets.xcassets */; };
		8F44EC6620CED48E0027E91A /* LaunchScreen.storyboard in Resources */ = {isa = PBXBuildFile; fileRef = 8F44EC6420CED48E0027E91A /* LaunchScreen.storyboard */; };
		8F44EC7120CED48E0027E91A /* ViperFeedTests.swift in Sources */ = {isa = PBXBuildFile; fileRef = 8F44EC7020CED48E0027E91A /* ViperFeedTests.swift */; };
		8F44EC7C20CED48F0027E91A /* ViperFeedUITests.swift in Sources */ = {isa = PBXBuildFile; fileRef = 8F44EC7B20CED48F0027E91A /* ViperFeedUITests.swift */; };
		8F44EC8A20CED4F50027E91A /* VFViperFeedViewController.swift in Sources */ = {isa = PBXBuildFile; fileRef = 8F44EC8920CED4F50027E91A /* VFViperFeedViewController.swift */; };
/* End PBXBuildFile section */

/* Begin PBXContainerItemProxy section */
		8F44EC6D20CED48E0027E91A /* PBXContainerItemProxy */ = {
			isa = PBXContainerItemProxy;
			containerPortal = 8F44EC5020CED48D0027E91A /* Project object */;
			proxyType = 1;
			remoteGlobalIDString = 8F44EC5720CED48E0027E91A;
			remoteInfo = ViperFeed;
		};
		8F44EC7820CED48F0027E91A /* PBXContainerItemProxy */ = {
			isa = PBXContainerItemProxy;
			containerPortal = 8F44EC5020CED48D0027E91A /* Project object */;
			proxyType = 1;
			remoteGlobalIDString = 8F44EC5720CED48E0027E91A;
			remoteInfo = ViperFeed;
		};
/* End PBXContainerItemProxy section */

/* Begin PBXFileReference section */
		8F44EC5820CED48E0027E91A /* ViperFeed.app */ = {isa = PBXFileReference; explicitFileType = wrapper.application; includeInIndex = 0; path = ViperFeed.app; sourceTree = BUILT_PRODUCTS_DIR; };
		8F44EC5B20CED48E0027E91A /* AppDelegate.swift */ = {isa = PBXFileReference; lastKnownFileType = sourcecode.swift; path = AppDelegate.swift; sourceTree = "<group>"; };
		8F44EC6020CED48E0027E91A /* Base */ = {isa = PBXFileReference; lastKnownFileType = file.storyboard; name = Base; path = Base.lproj/Main.storyboard; sourceTree = "<group>"; };
		8F44EC6220CED48E0027E91A /* Assets.xcassets */ = {isa = PBXFileReference; lastKnownFileType = folder.assetcatalog; path = Assets.xcassets; sourceTree = "<group>"; };
		8F44EC6520CED48E0027E91A /* Base */ = {isa = PBXFileReference; lastKnownFileType = file.storyboard; name = Base; path = Base.lproj/LaunchScreen.storyboard; sourceTree = "<group>"; };
		8F44EC6720CED48E0027E91A /* Info.plist */ = {isa = PBXFileReference; lastKnownFileType = text.plist.xml; path = Info.plist; sourceTree = "<group>"; };
		8F44EC6C20CED48E0027E91A /* ViperFeedTests.xctest */ = {isa = PBXFileReference; explicitFileType = wrapper.cfbundle; includeInIndex = 0; path = ViperFeedTests.xctest; sourceTree = BUILT_PRODUCTS_DIR; };
		8F44EC7020CED48E0027E91A /* ViperFeedTests.swift */ = {isa = PBXFileReference; lastKnownFileType = sourcecode.swift; path = ViperFeedTests.swift; sourceTree = "<group>"; };
		8F44EC7220CED48E0027E91A /* Info.plist */ = {isa = PBXFileReference; lastKnownFileType = text.plist.xml; path = Info.plist; sourceTree = "<group>"; };
		8F44EC7720CED48F0027E91A /* ViperFeedUITests.xctest */ = {isa = PBXFileReference; explicitFileType = wrapper.cfbundle; includeInIndex = 0; path = ViperFeedUITests.xctest; sourceTree = BUILT_PRODUCTS_DIR; };
		8F44EC7B20CED48F0027E91A /* ViperFeedUITests.swift */ = {isa = PBXFileReference; lastKnownFileType = sourcecode.swift; path = ViperFeedUITests.swift; sourceTree = "<group>"; };
		8F44EC7D20CED48F0027E91A /* Info.plist */ = {isa = PBXFileReference; lastKnownFileType = text.plist.xml; path = Info.plist; sourceTree = "<group>"; };
		8F44EC8920CED4F50027E91A /* VFViperFeedViewController.swift */ = {isa = PBXFileReference; lastKnownFileType = sourcecode.swift; path = VFViperFeedViewController.swift; sourceTree = "<group>"; };
/* End PBXFileReference section */

/* Begin PBXFrameworksBuildPhase section */
		8F44EC5520CED48E0027E91A /* Frameworks */ = {
			isa = PBXFrameworksBuildPhase;
			buildActionMask = 2147483647;
			files = (
			);
			runOnlyForDeploymentPostprocessing = 0;
		};
		8F44EC6920CED48E0027E91A /* Frameworks */ = {
			isa = PBXFrameworksBuildPhase;
			buildActionMask = 2147483647;
			files = (
			);
			runOnlyForDeploymentPostprocessing = 0;
		};
		8F44EC7420CED48F0027E91A /* Frameworks */ = {
			isa = PBXFrameworksBuildPhase;
			buildActionMask = 2147483647;
			files = (
			);
			runOnlyForDeploymentPostprocessing = 0;
		};
/* End PBXFrameworksBuildPhase section */

/* Begin PBXGroup section */
		8F44EC4F20CED48D0027E91A = {
			isa = PBXGroup;
			children = (
				8F44EC5A20CED48E0027E91A /* ViperFeed */,
				8F44EC6F20CED48E0027E91A /* ViperFeedTests */,
				8F44EC7A20CED48F0027E91A /* ViperFeedUITests */,
				8F44EC5920CED48E0027E91A /* Products */,
			);
			sourceTree = "<group>";
		};
		8F44EC5920CED48E0027E91A /* Products */ = {
			isa = PBXGroup;
			children = (
				8F44EC5820CED48E0027E91A /* ViperFeed.app */,
				8F44EC6C20CED48E0027E91A /* ViperFeedTests.xctest */,
				8F44EC7720CED48F0027E91A /* ViperFeedUITests.xctest */,
			);
			name = Products;
			sourceTree = "<group>";
		};
		8F44EC5A20CED48E0027E91A /* ViperFeed */ = {
			isa = PBXGroup;
			children = (
				8F44EC5B20CED48E0027E91A /* AppDelegate.swift */,
				8F44EC8920CED4F50027E91A /* VFViperFeedViewController.swift */,
				8F44EC5F20CED48E0027E91A /* Main.storyboard */,
				8F44EC6220CED48E0027E91A /* Assets.xcassets */,
				8F44EC6420CED48E0027E91A /* LaunchScreen.storyboard */,
				8F44EC6720CED48E0027E91A /* Info.plist */,
			);
			path = ViperFeed;
			sourceTree = "<group>";
		};
		8F44EC6F20CED48E0027E91A /* ViperFeedTests */ = {
			isa = PBXGroup;
			children = (
				8F44EC7020CED48E0027E91A /* ViperFeedTests.swift */,
				8F44EC7220CED48E0027E91A /* Info.plist */,
			);
			path = ViperFeedTests;
			sourceTree = "<group>";
		};
		8F44EC7A20CED48F0027E91A /* ViperFeedUITests */ = {
			isa = PBXGroup;
			children = (
				8F44EC7B20CED48F0027E91A /* ViperFeedUITests.swift */,
				8F44EC7D20CED48F0027E91A /* Info.plist */,
			);
			path = ViperFeedUITests;
			sourceTree = "<group>";
		};
/* End PBXGroup section */

/* Begin PBXNativeTarget section */
		8F44EC5720CED48E0027E91A /* ViperFeed */ = {
			isa = PBXNativeTarget;
			buildConfigurationList = 8F44EC8020CED48F0027E91A /* Build configuration list for PBXNativeTarget "ViperFeed" */;
			buildPhases = (
				8F44EC5420CED48E0027E91A /* Sources */,
				8F44EC5520CED48E0027E91A /* Frameworks */,
				8F44EC5620CED48E0027E91A /* Resources */,
			);
			buildRules = (
			);
			dependencies = (
			);
			name = ViperFeed;
			productName = ViperFeed;
			productReference = 8F44EC5820CED48E0027E91A /* ViperFeed.app */;
			productType = "com.apple.product-type.application";
		};
		8F44EC6B20CED48E0027E91A /* ViperFeedTests */ = {
			isa = PBXNativeTarget;
			buildConfigurationList = 8F44EC8320CED48F0027E91A /* Build configuration list for PBXNativeTarget "ViperFeedTests" */;
			buildPhases = (
				8F44EC6820CED48E0027E91A /* Sources */,
				8F44EC6920CED48E0027E91A /* Frameworks */,
				8F44EC6A20CED48E0027E91A /* Resources */,
			);
			buildRules = (
			);
			dependencies = (
				8F44EC6E20CED48E0027E91A /* PBXTargetDependency */,
			);
			name = ViperFeedTests;
			productName = ViperFeedTests;
			productReference = 8F44EC6C20CED48E0027E91A /* ViperFeedTests.xctest */;
			productType = "com.apple.product-type.bundle.unit-test";
		};
		8F44EC7620CED48F0027E91A /* ViperFeedUITests */ = {
			isa = PBXNativeTarget;
			buildConfigurationList = 8F44EC8620CED48F0027E91A /* Build configuration list for PBXNativeTarget "ViperFeedUITests" */;
			buildPhases = (
				8F44EC7320CED48F0027E91A /* Sources */,
				8F44EC7420CED48F0027E91A /* Frameworks */,
				8F44EC7520CED48F0027E91A /* Resources */,
			);
			buildRules = (
			);
			dependencies = (
				8F44EC7920CED48F0027E91A /* PBXTargetDependency */,
			);
			name = ViperFeedUITests;
			productName = ViperFeedUITests;
			productReference = 8F44EC7720CED48F0027E91A /* ViperFeedUITests.xctest */;
			productType = "com.apple.product-type.bundle.ui-testing";
		};
/* End PBXNativeTarget section */

/* Begin PBXProject section */
		8F44EC5020CED48D0027E91A /* Project object */ = {
			isa = PBXProject;
			attributes = {
				LastSwiftUpdateCheck = 0900;
				LastUpgradeCheck = 0900;
				ORGANIZATIONNAME = Prashant;
				TargetAttributes = {
					8F44EC5720CED48E0027E91A = {
						CreatedOnToolsVersion = 9.0;
						ProvisioningStyle = Automatic;
					};
					8F44EC6B20CED48E0027E91A = {
						CreatedOnToolsVersion = 9.0;
						ProvisioningStyle = Automatic;
						TestTargetID = 8F44EC5720CED48E0027E91A;
					};
					8F44EC7620CED48F0027E91A = {
						CreatedOnToolsVersion = 9.0;
						ProvisioningStyle = Automatic;
						TestTargetID = 8F44EC5720CED48E0027E91A;
					};
				};
			};
			buildConfigurationList = 8F44EC5320CED48D0027E91A /* Build configuration list for PBXProject "ViperFeed" */;
			compatibilityVersion = "Xcode 8.0";
			developmentRegion = en;
			hasScannedForEncodings = 0;
			knownRegions = (
				en,
				Base,
			);
			mainGroup = 8F44EC4F20CED48D0027E91A;
			productRefGroup = 8F44EC5920CED48E0027E91A /* Products */;
			projectDirPath = "";
			projectRoot = "";
			targets = (
				8F44EC5720CED48E0027E91A /* ViperFeed */,
				8F44EC6B20CED48E0027E91A /* ViperFeedTests */,
				8F44EC7620CED48F0027E91A /* ViperFeedUITests */,
			);
		};
/* End PBXProject section */

/* Begin PBXResourcesBuildPhase section */
		8F44EC5620CED48E0027E91A /* Resources */ = {
			isa = PBXResourcesBuildPhase;
			buildActionMask = 2147483647;
			files = (
				8F44EC6620CED48E0027E91A /* LaunchScreen.storyboard in Resources */,
				8F44EC6320CED48E0027E91A /* Assets.xcassets in Resources */,
				8F44EC6120CED48E0027E91A /* Main.storyboard in Resources */,
			);
			runOnlyForDeploymentPostprocessing = 0;
		};
		8F44EC6A20CED48E0027E91A /* Resources */ = {
			isa = PBXResourcesBuildPhase;
			buildActionMask = 2147483647;
			files = (
			);
			runOnlyForDeploymentPostprocessing = 0;
		};
		8F44EC7520CED48F0027E91A /* Resources */ = {
			isa = PBXResourcesBuildPhase;
			buildActionMask = 2147483647;
			files = (
			);
			runOnlyForDeploymentPostprocessing = 0;
		};
/* End PBXResourcesBuildPhase section */

/* Begin PBXSourcesBuildPhase section */
		8F44EC5420CED48E0027E91A /* Sources */ = {
			isa = PBXSourcesBuildPhase;
			buildActionMask = 2147483647;
			files = (
				8F44EC8A20CED4F50027E91A /* VFViperFeedViewController.swift in Sources */,
				8F44EC5C20CED48E0027E91A /* AppDelegate.swift in Sources */,
			);
			runOnlyForDeploymentPostprocessing = 0;
		};
		8F44EC6820CED48E0027E91A /* Sources */ = {
			isa = PBXSourcesBuildPhase;
			buildActionMask = 2147483647;
			files = (
				8F44EC7120CED48E0027E91A /* ViperFeedTests.swift in Sources */,
			);
			runOnlyForDeploymentPostprocessing = 0;
		};
		8F44EC7320CED48F0027E91A /* Sources */ = {
			isa = PBXSourcesBuildPhase;
			buildActionMask = 2147483647;
			files = (
				8F44EC7C20CED48F0027E91A /* ViperFeedUITests.swift in Sources */,
			);
			runOnlyForDeploymentPostprocessing = 0;
		};
/* End PBXSourcesBuildPhase section */

/* Begin PBXTargetDependency section */
		8F44EC6E20CED48E0027E91A /* PBXTargetDependency */ = {
			isa = PBXTargetDependency;
			target = 8F44EC5720CED48E0027E91A /* ViperFeed */;
			targetProxy = 8F44EC6D20CED48E0027E91A /* PBXContainerItemProxy */;
		};
		8F44EC7920CED48F0027E91A /* PBXTargetDependency */ = {
			isa = PBXTargetDependency;
			target = 8F44EC5720CED48E0027E91A /* ViperFeed */;
			targetProxy = 8F44EC7820CED48F0027E91A /* PBXContainerItemProxy */;
		};
/* End PBXTargetDependency section */

/* Begin PBXVariantGroup section */
		8F44EC5F20CED48E0027E91A /* Main.storyboard */ = {
			isa = PBXVariantGroup;
			children = (
				8F44EC6020CED48E0027E91A /* Base */,
			);
			name = Main.storyboard;
			sourceTree = "<group>";
		};
		8F44EC6420CED48E0027E91A /* LaunchScreen.storyboard */ = {
			isa = PBXVariantGroup;
			children = (
				8F44EC6520CED48E0027E91A /* Base */,
			);
			name = LaunchScreen.storyboard;
			sourceTree = "<group>";
		};
/* End PBXVariantGroup section */

/* Begin XCBuildConfiguration section */
		8F44EC7E20CED48F0027E91A /* Debug */ = {
			isa = XCBuildConfiguration;
			buildSettings = {
				ALWAYS_SEARCH_USER_PATHS = NO;
				CLANG_ANALYZER_NONNULL = YES;
				CLANG_ANALYZER_NUMBER_OBJECT_CONVERSION = YES_AGGRESSIVE;
				CLANG_CXX_LANGUAGE_STANDARD = "gnu++14";
				CLANG_CXX_LIBRARY = "libc++";
				CLANG_ENABLE_MODULES = YES;
				CLANG_ENABLE_OBJC_ARC = YES;
				CLANG_WARN_BLOCK_CAPTURE_AUTORELEASING = YES;
				CLANG_WARN_BOOL_CONVERSION = YES;
				CLANG_WARN_COMMA = YES;
				CLANG_WARN_CONSTANT_CONVERSION = YES;
				CLANG_WARN_DIRECT_OBJC_ISA_USAGE = YES_ERROR;
				CLANG_WARN_DOCUMENTATION_COMMENTS = YES;
				CLANG_WARN_EMPTY_BODY = YES;
				CLANG_WARN_ENUM_CONVERSION = YES;
				CLANG_WARN_INFINITE_RECURSION = YES;
				CLANG_WARN_INT_CONVERSION = YES;
				CLANG_WARN_NON_LITERAL_NULL_CONVERSION = YES;
				CLANG_WARN_OBJC_LITERAL_CONVERSION = YES;
				CLANG_WARN_OBJC_ROOT_CLASS = YES_ERROR;
				CLANG_WARN_RANGE_LOOP_ANALYSIS = YES;
				CLANG_WARN_STRICT_PROTOTYPES = YES;
				CLANG_WARN_SUSPICIOUS_MOVE = YES;
				CLANG_WARN_UNGUARDED_AVAILABILITY = YES_AGGRESSIVE;
				CLANG_WARN_UNREACHABLE_CODE = YES;
				CLANG_WARN__DUPLICATE_METHOD_MATCH = YES;
				CODE_SIGN_IDENTITY = "iPhone Developer";
				COPY_PHASE_STRIP = NO;
				DEBUG_INFORMATION_FORMAT = dwarf;
				ENABLE_STRICT_OBJC_MSGSEND = YES;
				ENABLE_TESTABILITY = YES;
				GCC_C_LANGUAGE_STANDARD = gnu11;
				GCC_DYNAMIC_NO_PIC = NO;
				GCC_NO_COMMON_BLOCKS = YES;
				GCC_OPTIMIZATION_LEVEL = 0;
				GCC_PREPROCESSOR_DEFINITIONS = (
					"DEBUG=1",
					"$(inherited)",
				);
				GCC_WARN_64_TO_32_BIT_CONVERSION = YES;
				GCC_WARN_ABOUT_RETURN_TYPE = YES_ERROR;
				GCC_WARN_UNDECLARED_SELECTOR = YES;
				GCC_WARN_UNINITIALIZED_AUTOS = YES_AGGRESSIVE;
				GCC_WARN_UNUSED_FUNCTION = YES;
				GCC_WARN_UNUSED_VARIABLE = YES;
				IPHONEOS_DEPLOYMENT_TARGET = 11.0;
				MTL_ENABLE_DEBUG_INFO = YES;
				ONLY_ACTIVE_ARCH = YES;
				SDKROOT = iphoneos;
				SWIFT_ACTIVE_COMPILATION_CONDITIONS = DEBUG;
				SWIFT_OPTIMIZATION_LEVEL = "-Onone";
			};
			name = Debug;
		};
		8F44EC7F20CED48F0027E91A /* Release */ = {
			isa = XCBuildConfiguration;
			buildSettings = {
				ALWAYS_SEARCH_USER_PATHS = NO;
				CLANG_ANALYZER_NONNULL = YES;
				CLANG_ANALYZER_NUMBER_OBJECT_CONVERSION = YES_AGGRESSIVE;
				CLANG_CXX_LANGUAGE_STANDARD = "gnu++14";
				CLANG_CXX_LIBRARY = "libc++";
				CLANG_ENABLE_MODULES = YES;
				CLANG_ENABLE_OBJC_ARC = YES;
				CLANG_WARN_BLOCK_CAPTURE_AUTORELEASING = YES;
				CLANG_WARN_BOOL_CONVERSION = YES;
				CLANG_WARN_COMMA = YES;
				CLANG_WARN_CONSTANT_CONVERSION = YES;
				CLANG_WARN_DIRECT_OBJC_ISA_USAGE = YES_ERROR;
				CLANG_WARN_DOCUMENTATION_COMMENTS = YES;
				CLANG_WARN_EMPTY_BODY = YES;
				CLANG_WARN_ENUM_CONVERSION = YES;
				CLANG_WARN_INFINITE_RECURSION = YES;
				CLANG_WARN_INT_CONVERSION = YES;
				CLANG_WARN_NON_LITERAL_NULL_CONVERSION = YES;
				CLANG_WARN_OBJC_LITERAL_CONVERSION = YES;
				CLANG_WARN_OBJC_ROOT_CLASS = YES_ERROR;
				CLANG_WARN_RANGE_LOOP_ANALYSIS = YES;
				CLANG_WARN_STRICT_PROTOTYPES = YES;
				CLANG_WARN_SUSPICIOUS_MOVE = YES;
				CLANG_WARN_UNGUARDED_AVAILABILITY = YES_AGGRESSIVE;
				CLANG_WARN_UNREACHABLE_CODE = YES;
				CLANG_WARN__DUPLICATE_METHOD_MATCH = YES;
				CODE_SIGN_IDENTITY = "iPhone Developer";
				COPY_PHASE_STRIP = NO;
				DEBUG_INFORMATION_FORMAT = "dwarf-with-dsym";
				ENABLE_NS_ASSERTIONS = NO;
				ENABLE_STRICT_OBJC_MSGSEND = YES;
				GCC_C_LANGUAGE_STANDARD = gnu11;
				GCC_NO_COMMON_BLOCKS = YES;
				GCC_WARN_64_TO_32_BIT_CONVERSION = YES;
				GCC_WARN_ABOUT_RETURN_TYPE = YES_ERROR;
				GCC_WARN_UNDECLARED_SELECTOR = YES;
				GCC_WARN_UNINITIALIZED_AUTOS = YES_AGGRESSIVE;
				GCC_WARN_UNUSED_FUNCTION = YES;
				GCC_WARN_UNUSED_VARIABLE = YES;
				IPHONEOS_DEPLOYMENT_TARGET = 11.0;
				MTL_ENABLE_DEBUG_INFO = NO;
				SDKROOT = iphoneos;
				SWIFT_OPTIMIZATION_LEVEL = "-Owholemodule";
				VALIDATE_PRODUCT = YES;
			};
			name = Release;
		};
		8F44EC8120CED48F0027E91A /* Debug */ = {
			isa = XCBuildConfiguration;
			buildSettings = {
				ASSETCATALOG_COMPILER_APPICON_NAME = AppIcon;
				CODE_SIGN_STYLE = Automatic;
				INFOPLIST_FILE = ViperFeed/Info.plist;
				LD_RUNPATH_SEARCH_PATHS = "$(inherited) @executable_path/Frameworks";
				PRODUCT_BUNDLE_IDENTIFIER = com.pbpios.ViperFeed;
				PRODUCT_NAME = "$(TARGET_NAME)";
				SWIFT_VERSION = 4.0;
				TARGETED_DEVICE_FAMILY = "1,2";
			};
			name = Debug;
		};
		8F44EC8220CED48F0027E91A /* Release */ = {
			isa = XCBuildConfiguration;
			buildSettings = {
				ASSETCATALOG_COMPILER_APPICON_NAME = AppIcon;
				CODE_SIGN_STYLE = Automatic;
				INFOPLIST_FILE = ViperFeed/Info.plist;
				LD_RUNPATH_SEARCH_PATHS = "$(inherited) @executable_path/Frameworks";
				PRODUCT_BUNDLE_IDENTIFIER = com.pbpios.ViperFeed;
				PRODUCT_NAME = "$(TARGET_NAME)";
				SWIFT_VERSION = 4.0;
				TARGETED_DEVICE_FAMILY = "1,2";
			};
			name = Release;
		};
		8F44EC8420CED48F0027E91A /* Debug */ = {
			isa = XCBuildConfiguration;
			buildSettings = {
				ALWAYS_EMBED_SWIFT_STANDARD_LIBRARIES = YES;
				BUNDLE_LOADER = "$(TEST_HOST)";
				CODE_SIGN_STYLE = Automatic;
				INFOPLIST_FILE = ViperFeedTests/Info.plist;
				LD_RUNPATH_SEARCH_PATHS = "$(inherited) @executable_path/Frameworks @loader_path/Frameworks";
				PRODUCT_BUNDLE_IDENTIFIER = com.pbpios.ViperFeedTests;
				PRODUCT_NAME = "$(TARGET_NAME)";
				SWIFT_VERSION = 4.0;
				TARGETED_DEVICE_FAMILY = "1,2";
				TEST_HOST = "$(BUILT_PRODUCTS_DIR)/ViperFeed.app/ViperFeed";
			};
			name = Debug;
		};
		8F44EC8520CED48F0027E91A /* Release */ = {
			isa = XCBuildConfiguration;
			buildSettings = {
				ALWAYS_EMBED_SWIFT_STANDARD_LIBRARIES = YES;
				BUNDLE_LOADER = "$(TEST_HOST)";
				CODE_SIGN_STYLE = Automatic;
				INFOPLIST_FILE = ViperFeedTests/Info.plist;
				LD_RUNPATH_SEARCH_PATHS = "$(inherited) @executable_path/Frameworks @loader_path/Frameworks";
				PRODUCT_BUNDLE_IDENTIFIER = com.pbpios.ViperFeedTests;
				PRODUCT_NAME = "$(TARGET_NAME)";
				SWIFT_VERSION = 4.0;
				TARGETED_DEVICE_FAMILY = "1,2";
				TEST_HOST = "$(BUILT_PRODUCTS_DIR)/ViperFeed.app/ViperFeed";
			};
			name = Release;
		};
		8F44EC8720CED48F0027E91A /* Debug */ = {
			isa = XCBuildConfiguration;
			buildSettings = {
				ALWAYS_EMBED_SWIFT_STANDARD_LIBRARIES = YES;
				CODE_SIGN_STYLE = Automatic;
				INFOPLIST_FILE = ViperFeedUITests/Info.plist;
				LD_RUNPATH_SEARCH_PATHS = "$(inherited) @executable_path/Frameworks @loader_path/Frameworks";
				PRODUCT_BUNDLE_IDENTIFIER = com.pbpios.ViperFeedUITests;
				PRODUCT_NAME = "$(TARGET_NAME)";
				SWIFT_VERSION = 4.0;
				TARGETED_DEVICE_FAMILY = "1,2";
				TEST_TARGET_NAME = ViperFeed;
			};
			name = Debug;
		};
		8F44EC8820CED48F0027E91A /* Release */ = {
			isa = XCBuildConfiguration;
			buildSettings = {
				ALWAYS_EMBED_SWIFT_STANDARD_LIBRARIES = YES;
				CODE_SIGN_STYLE = Automatic;
				INFOPLIST_FILE = ViperFeedUITests/Info.plist;
				LD_RUNPATH_SEARCH_PATHS = "$(inherited) @executable_path/Frameworks @loader_path/Frameworks";
				PRODUCT_BUNDLE_IDENTIFIER = com.pbpios.ViperFeedUITests;
				PRODUCT_NAME = "$(TARGET_NAME)";
				SWIFT_VERSION = 4.0;
				TARGETED_DEVICE_FAMILY = "1,2";
				TEST_TARGET_NAME = ViperFeed;
			};
			name = Release;
		};
/* End XCBuildConfiguration section */

/* Begin XCConfigurationList section */
		8F44EC5320CED48D0027E91A /* Build configuration list for PBXProject "ViperFeed" */ = {
			isa = XCConfigurationList;
			buildConfigurations = (
				8F44EC7E20CED48F0027E91A /* Debug */,
				8F44EC7F20CED48F0027E91A /* Release */,
			);
			defaultConfigurationIsVisible = 0;
			defaultConfigurationName = Release;
		};
		8F44EC8020CED48F0027E91A /* Build configuration list for PBXNativeTarget "ViperFeed" */ = {
			isa = XCConfigurationList;
			buildConfigurations = (
				8F44EC8120CED48F0027E91A /* Debug */,
				8F44EC8220CED48F0027E91A /* Release */,
			);
			defaultConfigurationIsVisible = 0;
			defaultConfigurationName = Release;
		};
		8F44EC8320CED48F0027E91A /* Build configuration list for PBXNativeTarget "ViperFeedTests" */ = {
			isa = XCConfigurationList;
			buildConfigurations = (
				8F44EC8420CED48F0027E91A /* Debug */,
				8F44EC8520CED48F0027E91A /* Release */,
			);
			defaultConfigurationIsVisible = 0;
			defaultConfigurationName = Release;
		};
		8F44EC8620CED48F0027E91A /* Build configuration list for PBXNativeTarget "ViperFeedUITests" */ = {
			isa = XCConfigurationList;
			buildConfigurations = (
				8F44EC8720CED48F0027E91A /* Debug */,
				8F44EC8820CED48F0027E91A /* Release */,
			);
			defaultConfigurationIsVisible = 0;
			defaultConfigurationName = Release;
		};
/* End XCConfigurationList section */
	};
	rootObject = 8F44EC5020CED48D0027E91A /* Project object */;
}
